// !$*UTF8*$!
{
	archiveVersion = 1;
	classes = {
	};
	objectVersion = 50;
	objects = {

/* Begin PBXBuildFile section */
		C617384E20D82DCD00DB73C9 /* EMKit.framework in Frameworks */ = {isa = PBXBuildFile; fileRef = C617384420D82DCD00DB73C9 /* EMKit.framework */; };
		C617385320D82DCD00DB73C9 /* EMKitTests.swift in Sources */ = {isa = PBXBuildFile; fileRef = C617385220D82DCD00DB73C9 /* EMKitTests.swift */; };
		C617385520D82DCD00DB73C9 /* EMKit.h in Headers */ = {isa = PBXBuildFile; fileRef = C617384720D82DCD00DB73C9 /* EMKit.h */; settings = {ATTRIBUTES = (Public, ); }; };
		C617386120D82E6D00DB73C9 /* TableManager in Resources */ = {isa = PBXBuildFile; fileRef = C617385E20D82E6D00DB73C9 /* TableManager */; };
		C617386220D82E6D00DB73C9 /* Utilities in Resources */ = {isa = PBXBuildFile; fileRef = C617385F20D82E6D00DB73C9 /* Utilities */; };
		C617386320D82E6D00DB73C9 /* Extensions in Resources */ = {isa = PBXBuildFile; fileRef = C617386020D82E6D00DB73C9 /* Extensions */; };
/* End PBXBuildFile section */

/* Begin PBXContainerItemProxy section */
		C617384F20D82DCD00DB73C9 /* PBXContainerItemProxy */ = {
			isa = PBXContainerItemProxy;
			containerPortal = C617383B20D82DCD00DB73C9 /* Project object */;
			proxyType = 1;
			remoteGlobalIDString = C617384320D82DCD00DB73C9;
			remoteInfo = EMKit;
		};
/* End PBXContainerItemProxy section */

/* Begin PBXFileReference section */
		C617384420D82DCD00DB73C9 /* EMKit.framework */ = {isa = PBXFileReference; explicitFileType = wrapper.framework; includeInIndex = 0; path = EMKit.framework; sourceTree = BUILT_PRODUCTS_DIR; };
		C617384720D82DCD00DB73C9 /* EMKit.h */ = {isa = PBXFileReference; lastKnownFileType = sourcecode.c.h; path = EMKit.h; sourceTree = "<group>"; };
		C617384820D82DCD00DB73C9 /* Info.plist */ = {isa = PBXFileReference; lastKnownFileType = text.plist.xml; path = Info.plist; sourceTree = "<group>"; };
		C617384D20D82DCD00DB73C9 /* EMKitTests.xctest */ = {isa = PBXFileReference; explicitFileType = wrapper.cfbundle; includeInIndex = 0; path = EMKitTests.xctest; sourceTree = BUILT_PRODUCTS_DIR; };
		C617385220D82DCD00DB73C9 /* EMKitTests.swift */ = {isa = PBXFileReference; lastKnownFileType = sourcecode.swift; path = EMKitTests.swift; sourceTree = "<group>"; };
		C617385420D82DCD00DB73C9 /* Info.plist */ = {isa = PBXFileReference; lastKnownFileType = text.plist.xml; path = Info.plist; sourceTree = "<group>"; };
		C617385E20D82E6D00DB73C9 /* TableManager */ = {isa = PBXFileReference; lastKnownFileType = folder; name = TableManager; path = ../../TableManager; sourceTree = "<group>"; };
		C617385F20D82E6D00DB73C9 /* Utilities */ = {isa = PBXFileReference; lastKnownFileType = folder; name = Utilities; path = ../../Utilities; sourceTree = "<group>"; };
		C617386020D82E6D00DB73C9 /* Extensions */ = {isa = PBXFileReference; lastKnownFileType = folder; name = Extensions; path = ../../Extensions; sourceTree = "<group>"; };
/* End PBXFileReference section */

/* Begin PBXFrameworksBuildPhase section */
		C617384020D82DCD00DB73C9 /* Frameworks */ = {
			isa = PBXFrameworksBuildPhase;
			buildActionMask = 2147483647;
			files = (
			);
			runOnlyForDeploymentPostprocessing = 0;
		};
		C617384A20D82DCD00DB73C9 /* Frameworks */ = {
			isa = PBXFrameworksBuildPhase;
			buildActionMask = 2147483647;
			files = (
				C617384E20D82DCD00DB73C9 /* EMKit.framework in Frameworks */,
			);
			runOnlyForDeploymentPostprocessing = 0;
		};
/* End PBXFrameworksBuildPhase section */

/* Begin PBXGroup section */
		C617383A20D82DCD00DB73C9 = {
			isa = PBXGroup;
			children = (
				C617384620D82DCD00DB73C9 /* EMKit */,
				C617385120D82DCD00DB73C9 /* EMKitTests */,
				C617384520D82DCD00DB73C9 /* Products */,
			);
			sourceTree = "<group>";
		};
		C617384520D82DCD00DB73C9 /* Products */ = {
			isa = PBXGroup;
			children = (
				C617384420D82DCD00DB73C9 /* EMKit.framework */,
				C617384D20D82DCD00DB73C9 /* EMKitTests.xctest */,
			);
			name = Products;
			sourceTree = "<group>";
		};
		C617384620D82DCD00DB73C9 /* EMKit */ = {
			isa = PBXGroup;
			children = (
				C617384720D82DCD00DB73C9 /* EMKit.h */,
				C617384820D82DCD00DB73C9 /* Info.plist */,
				C617386020D82E6D00DB73C9 /* Extensions */,
				C617385E20D82E6D00DB73C9 /* TableManager */,
				C617385F20D82E6D00DB73C9 /* Utilities */,
			);
			path = EMKit;
			sourceTree = "<group>";
		};
		C617385120D82DCD00DB73C9 /* EMKitTests */ = {
			isa = PBXGroup;
			children = (
				C617385220D82DCD00DB73C9 /* EMKitTests.swift */,
				C617385420D82DCD00DB73C9 /* Info.plist */,
			);
			path = EMKitTests;
			sourceTree = "<group>";
		};
/* End PBXGroup section */

/* Begin PBXHeadersBuildPhase section */
		C617384120D82DCD00DB73C9 /* Headers */ = {
			isa = PBXHeadersBuildPhase;
			buildActionMask = 2147483647;
			files = (
				C617385520D82DCD00DB73C9 /* EMKit.h in Headers */,
			);
			runOnlyForDeploymentPostprocessing = 0;
		};
/* End PBXHeadersBuildPhase section */

/* Begin PBXNativeTarget section */
		C617384320D82DCD00DB73C9 /* EMKit */ = {
			isa = PBXNativeTarget;
			buildConfigurationList = C617385820D82DCD00DB73C9 /* Build configuration list for PBXNativeTarget "EMKit" */;
			buildPhases = (
				C617383F20D82DCD00DB73C9 /* Sources */,
				C617384020D82DCD00DB73C9 /* Frameworks */,
				C617384120D82DCD00DB73C9 /* Headers */,
				C617384220D82DCD00DB73C9 /* Resources */,
			);
			buildRules = (
			);
			dependencies = (
			);
			name = EMKit;
			productName = EMKit;
			productReference = C617384420D82DCD00DB73C9 /* EMKit.framework */;
			productType = "com.apple.product-type.framework";
		};
		C617384C20D82DCD00DB73C9 /* EMKitTests */ = {
			isa = PBXNativeTarget;
			buildConfigurationList = C617385B20D82DCD00DB73C9 /* Build configuration list for PBXNativeTarget "EMKitTests" */;
			buildPhases = (
				C617384920D82DCD00DB73C9 /* Sources */,
				C617384A20D82DCD00DB73C9 /* Frameworks */,
				C617384B20D82DCD00DB73C9 /* Resources */,
			);
			buildRules = (
			);
			dependencies = (
				C617385020D82DCD00DB73C9 /* PBXTargetDependency */,
			);
			name = EMKitTests;
			productName = EMKitTests;
			productReference = C617384D20D82DCD00DB73C9 /* EMKitTests.xctest */;
			productType = "com.apple.product-type.bundle.unit-test";
		};
/* End PBXNativeTarget section */

/* Begin PBXProject section */
		C617383B20D82DCD00DB73C9 /* Project object */ = {
			isa = PBXProject;
			attributes = {
				LastSwiftUpdateCheck = 0940;
				LastUpgradeCheck = 0940;
				ORGANIZATIONNAME = ErraticMinds;
				TargetAttributes = {
					C617384320D82DCD00DB73C9 = {
						CreatedOnToolsVersion = 9.4.1;
					};
					C617384C20D82DCD00DB73C9 = {
						CreatedOnToolsVersion = 9.4.1;
					};
				};
			};
			buildConfigurationList = C617383E20D82DCD00DB73C9 /* Build configuration list for PBXProject "EMKit" */;
			compatibilityVersion = "Xcode 9.3";
			developmentRegion = en;
			hasScannedForEncodings = 0;
			knownRegions = (
				en,
			);
			mainGroup = C617383A20D82DCD00DB73C9;
			productRefGroup = C617384520D82DCD00DB73C9 /* Products */;
			projectDirPath = "";
			projectRoot = "";
			targets = (
				C617384320D82DCD00DB73C9 /* EMKit */,
				C617384C20D82DCD00DB73C9 /* EMKitTests */,
			);
		};
/* End PBXProject section */

/* Begin PBXResourcesBuildPhase section */
		C617384220D82DCD00DB73C9 /* Resources */ = {
			isa = PBXResourcesBuildPhase;
			buildActionMask = 2147483647;
			files = (
				C617386320D82E6D00DB73C9 /* Extensions in Resources */,
				C617386120D82E6D00DB73C9 /* TableManager in Resources */,
				C617386220D82E6D00DB73C9 /* Utilities in Resources */,
			);
			runOnlyForDeploymentPostprocessing = 0;
		};
		C617384B20D82DCD00DB73C9 /* Resources */ = {
			isa = PBXResourcesBuildPhase;
			buildActionMask = 2147483647;
			files = (
			);
			runOnlyForDeploymentPostprocessing = 0;
		};
/* End PBXResourcesBuildPhase section */

/* Begin PBXSourcesBuildPhase section */
		C617383F20D82DCD00DB73C9 /* Sources */ = {
			isa = PBXSourcesBuildPhase;
			buildActionMask = 2147483647;
			files = (
			);
			runOnlyForDeploymentPostprocessing = 0;
		};
		C617384920D82DCD00DB73C9 /* Sources */ = {
			isa = PBXSourcesBuildPhase;
			buildActionMask = 2147483647;
			files = (
				C617385320D82DCD00DB73C9 /* EMKitTests.swift in Sources */,
			);
			runOnlyForDeploymentPostprocessing = 0;
		};
/* End PBXSourcesBuildPhase section */

/* Begin PBXTargetDependency section */
		C617385020D82DCD00DB73C9 /* PBXTargetDependency */ = {
			isa = PBXTargetDependency;
			target = C617384320D82DCD00DB73C9 /* EMKit */;
			targetProxy = C617384F20D82DCD00DB73C9 /* PBXContainerItemProxy */;
		};
/* End PBXTargetDependency section */

/* Begin XCBuildConfiguration section */
		C617385620D82DCD00DB73C9 /* Debug */ = {
			isa = XCBuildConfiguration;
			buildSettings = {
				ALWAYS_SEARCH_USER_PATHS = NO;
				CLANG_ANALYZER_NONNULL = YES;
				CLANG_ANALYZER_NUMBER_OBJECT_CONVERSION = YES_AGGRESSIVE;
				CLANG_CXX_LANGUAGE_STANDARD = "gnu++14";
				CLANG_CXX_LIBRARY = "libc++";
				CLANG_ENABLE_MODULES = YES;
				CLANG_ENABLE_OBJC_ARC = YES;
				CLANG_ENABLE_OBJC_WEAK = YES;
				CLANG_WARN_BLOCK_CAPTURE_AUTORELEASING = YES;
				CLANG_WARN_BOOL_CONVERSION = YES;
				CLANG_WARN_COMMA = YES;
				CLANG_WARN_CONSTANT_CONVERSION = YES;
				CLANG_WARN_DEPRECATED_OBJC_IMPLEMENTATIONS = YES;
				CLANG_WARN_DIRECT_OBJC_ISA_USAGE = YES_ERROR;
				CLANG_WARN_DOCUMENTATION_COMMENTS = YES;
				CLANG_WARN_EMPTY_BODY = YES;
				CLANG_WARN_ENUM_CONVERSION = YES;
				CLANG_WARN_INFINITE_RECURSION = YES;
				CLANG_WARN_INT_CONVERSION = YES;
				CLANG_WARN_NON_LITERAL_NULL_CONVERSION = YES;
				CLANG_WARN_OBJC_IMPLICIT_RETAIN_SELF = YES;
				CLANG_WARN_OBJC_LITERAL_CONVERSION = YES;
				CLANG_WARN_OBJC_ROOT_CLASS = YES_ERROR;
				CLANG_WARN_RANGE_LOOP_ANALYSIS = YES;
				CLANG_WARN_STRICT_PROTOTYPES = YES;
				CLANG_WARN_SUSPICIOUS_MOVE = YES;
				CLANG_WARN_UNGUARDED_AVAILABILITY = YES_AGGRESSIVE;
				CLANG_WARN_UNREACHABLE_CODE = YES;
				CLANG_WARN__DUPLICATE_METHOD_MATCH = YES;
				CODE_SIGN_IDENTITY = "iPhone Developer";
				COPY_PHASE_STRIP = NO;
				CURRENT_PROJECT_VERSION = 1;
				DEBUG_INFORMATION_FORMAT = dwarf;
				ENABLE_STRICT_OBJC_MSGSEND = YES;
				ENABLE_TESTABILITY = YES;
				GCC_C_LANGUAGE_STANDARD = gnu11;
				GCC_DYNAMIC_NO_PIC = NO;
				GCC_NO_COMMON_BLOCKS = YES;
				GCC_OPTIMIZATION_LEVEL = 0;
				GCC_PREPROCESSOR_DEFINITIONS = (
					"DEBUG=1",
					"$(inherited)",
				);
				GCC_WARN_64_TO_32_BIT_CONVERSION = YES;
				GCC_WARN_ABOUT_RETURN_TYPE = YES_ERROR;
				GCC_WARN_UNDECLARED_SELECTOR = YES;
				GCC_WARN_UNINITIALIZED_AUTOS = YES_AGGRESSIVE;
				GCC_WARN_UNUSED_FUNCTION = YES;
				GCC_WARN_UNUSED_VARIABLE = YES;
				IPHONEOS_DEPLOYMENT_TARGET = 11.4;
				MTL_ENABLE_DEBUG_INFO = YES;
				ONLY_ACTIVE_ARCH = YES;
				SDKROOT = iphoneos;
				SWIFT_ACTIVE_COMPILATION_CONDITIONS = DEBUG;
				SWIFT_OPTIMIZATION_LEVEL = "-Onone";
				VERSIONING_SYSTEM = "apple-generic";
				VERSION_INFO_PREFIX = "";
			};
			name = Debug;
		};
		C617385720D82DCD00DB73C9 /* Release */ = {
			isa = XCBuildConfiguration;
			buildSettings = {
				ALWAYS_SEARCH_USER_PATHS = NO;
				CLANG_ANALYZER_NONNULL = YES;
				CLANG_ANALYZER_NUMBER_OBJECT_CONVERSION = YES_AGGRESSIVE;
				CLANG_CXX_LANGUAGE_STANDARD = "gnu++14";
				CLANG_CXX_LIBRARY = "libc++";
				CLANG_ENABLE_MODULES = YES;
				CLANG_ENABLE_OBJC_ARC = YES;
				CLANG_ENABLE_OBJC_WEAK = YES;
				CLANG_WARN_BLOCK_CAPTURE_AUTORELEASING = YES;
				CLANG_WARN_BOOL_CONVERSION = YES;
				CLANG_WARN_COMMA = YES;
				CLANG_WARN_CONSTANT_CONVERSION = YES;
				CLANG_WARN_DEPRECATED_OBJC_IMPLEMENTATIONS = YES;
				CLANG_WARN_DIRECT_OBJC_ISA_USAGE = YES_ERROR;
				CLANG_WARN_DOCUMENTATION_COMMENTS = YES;
				CLANG_WARN_EMPTY_BODY = YES;
				CLANG_WARN_ENUM_CONVERSION = YES;
				CLANG_WARN_INFINITE_RECURSION = YES;
				CLANG_WARN_INT_CONVERSION = YES;
				CLANG_WARN_NON_LITERAL_NULL_CONVERSION = YES;
				CLANG_WARN_OBJC_IMPLICIT_RETAIN_SELF = YES;
				CLANG_WARN_OBJC_LITERAL_CONVERSION = YES;
				CLANG_WARN_OBJC_ROOT_CLASS = YES_ERROR;
				CLANG_WARN_RANGE_LOOP_ANALYSIS = YES;
				CLANG_WARN_STRICT_PROTOTYPES = YES;
				CLANG_WARN_SUSPICIOUS_MOVE = YES;
				CLANG_WARN_UNGUARDED_AVAILABILITY = YES_AGGRESSIVE;
				CLANG_WARN_UNREACHABLE_CODE = YES;
				CLANG_WARN__DUPLICATE_METHOD_MATCH = YES;
				CODE_SIGN_IDENTITY = "iPhone Developer";
				COPY_PHASE_STRIP = NO;
				CURRENT_PROJECT_VERSION = 1;
				DEBUG_INFORMATION_FORMAT = "dwarf-with-dsym";
				ENABLE_NS_ASSERTIONS = NO;
				ENABLE_STRICT_OBJC_MSGSEND = YES;
				GCC_C_LANGUAGE_STANDARD = gnu11;
				GCC_NO_COMMON_BLOCKS = YES;
				GCC_WARN_64_TO_32_BIT_CONVERSION = YES;
				GCC_WARN_ABOUT_RETURN_TYPE = YES_ERROR;
				GCC_WARN_UNDECLARED_SELECTOR = YES;
				GCC_WARN_UNINITIALIZED_AUTOS = YES_AGGRESSIVE;
				GCC_WARN_UNUSED_FUNCTION = YES;
				GCC_WARN_UNUSED_VARIABLE = YES;
				IPHONEOS_DEPLOYMENT_TARGET = 11.4;
				MTL_ENABLE_DEBUG_INFO = NO;
				SDKROOT = iphoneos;
				SWIFT_COMPILATION_MODE = wholemodule;
				SWIFT_OPTIMIZATION_LEVEL = "-O";
				VALIDATE_PRODUCT = YES;
				VERSIONING_SYSTEM = "apple-generic";
				VERSION_INFO_PREFIX = "";
			};
			name = Release;
		};
		C617385920D82DCD00DB73C9 /* Debug */ = {
			isa = XCBuildConfiguration;
			buildSettings = {
				CODE_SIGN_IDENTITY = "";
				CODE_SIGN_STYLE = Automatic;
				DEFINES_MODULE = YES;
				DEVELOPMENT_TEAM = 2FGKMAF2RB;
				DYLIB_COMPATIBILITY_VERSION = 1;
				DYLIB_CURRENT_VERSION = 1;
				DYLIB_INSTALL_NAME_BASE = "@rpath";
				INFOPLIST_FILE = EMKit/Info.plist;
				INSTALL_PATH = "$(LOCAL_LIBRARY_DIR)/Frameworks";
				LD_RUNPATH_SEARCH_PATHS = (
					"$(inherited)",
					"@executable_path/Frameworks",
					"@loader_path/Frameworks",
				);
				PRODUCT_BUNDLE_IDENTIFIER = io.erraticminds.EMKit;
				PRODUCT_NAME = "$(TARGET_NAME:c99extidentifier)";
				SKIP_INSTALL = YES;
				SWIFT_VERSION = 4.0;
				TARGETED_DEVICE_FAMILY = "1,2";
			};
			name = Debug;
		};
		C617385A20D82DCD00DB73C9 /* Release */ = {
			isa = XCBuildConfiguration;
			buildSettings = {
				CODE_SIGN_IDENTITY = "";
				CODE_SIGN_STYLE = Automatic;
				DEFINES_MODULE = YES;
				DEVELOPMENT_TEAM = 2FGKMAF2RB;
				DYLIB_COMPATIBILITY_VERSION = 1;
				DYLIB_CURRENT_VERSION = 1;
				DYLIB_INSTALL_NAME_BASE = "@rpath";
				INFOPLIST_FILE = EMKit/Info.plist;
				INSTALL_PATH = "$(LOCAL_LIBRARY_DIR)/Frameworks";
				LD_RUNPATH_SEARCH_PATHS = (
					"$(inherited)",
					"@executable_path/Frameworks",
					"@loader_path/Frameworks",
				);
				PRODUCT_BUNDLE_IDENTIFIER = io.erraticminds.EMKit;
				PRODUCT_NAME = "$(TARGET_NAME:c99extidentifier)";
				SKIP_INSTALL = YES;
				SWIFT_VERSION = 4.0;
				TARGETED_DEVICE_FAMILY = "1,2";
			};
			name = Release;
		};
		C617385C20D82DCD00DB73C9 /* Debug */ = {
			isa = XCBuildConfiguration;
			buildSettings = {
				CODE_SIGN_STYLE = Automatic;
				DEVELOPMENT_TEAM = 2FGKMAF2RB;
				INFOPLIST_FILE = EMKitTests/Info.plist;
				LD_RUNPATH_SEARCH_PATHS = (
					"$(inherited)",
					"@executable_path/Frameworks",
					"@loader_path/Frameworks",
				);
				PRODUCT_BUNDLE_IDENTIFIER = io.erraticminds.EMKitTests;
				PRODUCT_NAME = "$(TARGET_NAME)";
				SWIFT_VERSION = 4.0;
				TARGETED_DEVICE_FAMILY = "1,2";
			};
			name = Debug;
		};
		C617385D20D82DCD00DB73C9 /* Release */ = {
			isa = XCBuildConfiguration;
			buildSettings = {
				CODE_SIGN_STYLE = Automatic;
				DEVELOPMENT_TEAM = 2FGKMAF2RB;
				INFOPLIST_FILE = EMKitTests/Info.plist;
				LD_RUNPATH_SEARCH_PATHS = (
					"$(inherited)",
					"@executable_path/Frameworks",
					"@loader_path/Frameworks",
				);
				PRODUCT_BUNDLE_IDENTIFIER = io.erraticminds.EMKitTests;
				PRODUCT_NAME = "$(TARGET_NAME)";
				SWIFT_VERSION = 4.0;
				TARGETED_DEVICE_FAMILY = "1,2";
			};
			name = Release;
		};
/* End XCBuildConfiguration section */

/* Begin XCConfigurationList section */
		C617383E20D82DCD00DB73C9 /* Build configuration list for PBXProject "EMKit" */ = {
			isa = XCConfigurationList;
			buildConfigurations = (
				C617385620D82DCD00DB73C9 /* Debug */,
				C617385720D82DCD00DB73C9 /* Release */,
			);
			defaultConfigurationIsVisible = 0;
			defaultConfigurationName = Release;
		};
		C617385820D82DCD00DB73C9 /* Build configuration list for PBXNativeTarget "EMKit" */ = {
			isa = XCConfigurationList;
			buildConfigurations = (
				C617385920D82DCD00DB73C9 /* Debug */,
				C617385A20D82DCD00DB73C9 /* Release */,
			);
			defaultConfigurationIsVisible = 0;
			defaultConfigurationName = Release;
		};
		C617385B20D82DCD00DB73C9 /* Build configuration list for PBXNativeTarget "EMKitTests" */ = {
			isa = XCConfigurationList;
			buildConfigurations = (
				C617385C20D82DCD00DB73C9 /* Debug */,
				C617385D20D82DCD00DB73C9 /* Release */,
			);
			defaultConfigurationIsVisible = 0;
			defaultConfigurationName = Release;
		};
/* End XCConfigurationList section */
	};
	rootObject = C617383B20D82DCD00DB73C9 /* Project object */;
}
